
Microsoft Visual Studio Solution File, Format Version 12.00
# Visual Studio Version 17
VisualStudioVersion = 17.8.34330.188
MinimumVisualStudioVersion = 10.0.40219.1
Project("{9A19103F-16F7-4668-BE54-9A1E7A4F7556}") = "TestApp8.0", "TestApp8.0\TestApp8.0.csproj", "{2154A4D6-D86A-40E2-8FCF-15B43BB9325C}"
EndProject
Global
	GlobalSection(SolutionConfigurationPlatforms) = preSolution
		Debug|Any CPU = Debug|Any CPU
		Release|Any CPU = Release|Any CPU
	EndGlobalSection
	GlobalSection(ProjectConfigurationPlatforms) = postSolution
		{2154A4D6-D86A-40E2-8FCF-15B43BB9325C}.Debug|Any CPU.ActiveCfg = Debug|Any CPU
		{2154A4D6-D86A-40E2-8FCF-15B43BB9325C}.Debug|Any CPU.Build.0 = Debug|Any CPU
		{2154A4D6-D86A-40E2-8FCF-15B43BB9325C}.Release|Any CPU.ActiveCfg = Release|Any CPU
		{2154A4D6-D86A-40E2-8FCF-15B43BB9325C}.Release|Any CPU.Build.0 = Release|Any CPU
	EndGlobalSection
	GlobalSection(SolutionProperties) = preSolution
		HideSolutionNode = FALSE
	EndGlobalSection
	GlobalSection(ExtensibilityGlobals) = postSolution
		SolutionGuid = {1B9006DE-A21D-42F3-B271-D2DDAF9B76D6}
	EndGlobalSection
EndGlobal
